
Microsoft Visual Studio Solution File, Format Version 12.00
# Visual Studio Version 17
VisualStudioVersion = 17.4.33205.214
MinimumVisualStudioVersion = 10.0.40219.1
Project("{9A19103F-16F7-4668-BE54-9A1E7A4F7556}") = "WepPartDeliveryProject", "WepPartDeliveryProject\WepPartDeliveryProject.csproj", "{9F2E4041-878B-4BD9-BF9D-DE409DA4AC9F}"
EndProject
Project("{9A19103F-16F7-4668-BE54-9A1E7A4F7556}") = "DbManager", "DbManager\DbManager.csproj", "{9EA1DC5F-F985-42F4-B939-593F72E886A7}"
EndProject
Project("{FAE04EC0-301F-11D3-BF4B-00C04F79EFBC}") = "OrderWorker", "OrderWorker\OrderWorker.csproj", "{C3F1387D-359C-4163-92EF-0EB42D2AB60A}"
EndProject
Project("{2150E333-8FDC-42A3-9474-1A3956D46DE8}") = "Solution Items", "Solution Items", "{B6C515EB-0D74-4A62-B585-EC593E43FBB4}"
	ProjectSection(SolutionItems) = preProject
		..\docker-compose.yml = ..\docker-compose.yml
	EndProjectSection
EndProject
Project("{FAE04EC0-301F-11D3-BF4B-00C04F79EFBC}") = "AuthService", "AuthService\AuthService.csproj", "{828FD9EE-4292-48C0-9200-618CA9EC577B}"
EndProject
Global
	GlobalSection(SolutionConfigurationPlatforms) = preSolution
		Debug|Any CPU = Debug|Any CPU
		Release|Any CPU = Release|Any CPU
	EndGlobalSection
	GlobalSection(ProjectConfigurationPlatforms) = postSolution
		{9F2E4041-878B-4BD9-BF9D-DE409DA4AC9F}.Debug|Any CPU.ActiveCfg = Debug|Any CPU
		{9F2E4041-878B-4BD9-BF9D-DE409DA4AC9F}.Debug|Any CPU.Build.0 = Debug|Any CPU
		{9F2E4041-878B-4BD9-BF9D-DE409DA4AC9F}.Release|Any CPU.ActiveCfg = Release|Any CPU
		{9F2E4041-878B-4BD9-BF9D-DE409DA4AC9F}.Release|Any CPU.Build.0 = Release|Any CPU
		{9EA1DC5F-F985-42F4-B939-593F72E886A7}.Debug|Any CPU.ActiveCfg = Debug|Any CPU
		{9EA1DC5F-F985-42F4-B939-593F72E886A7}.Debug|Any CPU.Build.0 = Debug|Any CPU
		{9EA1DC5F-F985-42F4-B939-593F72E886A7}.Release|Any CPU.ActiveCfg = Release|Any CPU
		{9EA1DC5F-F985-42F4-B939-593F72E886A7}.Release|Any CPU.Build.0 = Release|Any CPU
		{C3F1387D-359C-4163-92EF-0EB42D2AB60A}.Debug|Any CPU.ActiveCfg = Debug|Any CPU
		{C3F1387D-359C-4163-92EF-0EB42D2AB60A}.Debug|Any CPU.Build.0 = Debug|Any CPU
		{C3F1387D-359C-4163-92EF-0EB42D2AB60A}.Release|Any CPU.ActiveCfg = Release|Any CPU
		{C3F1387D-359C-4163-92EF-0EB42D2AB60A}.Release|Any CPU.Build.0 = Release|Any CPU
		{828FD9EE-4292-48C0-9200-618CA9EC577B}.Debug|Any CPU.ActiveCfg = Debug|Any CPU
		{828FD9EE-4292-48C0-9200-618CA9EC577B}.Debug|Any CPU.Build.0 = Debug|Any CPU
		{828FD9EE-4292-48C0-9200-618CA9EC577B}.Release|Any CPU.ActiveCfg = Release|Any CPU
		{828FD9EE-4292-48C0-9200-618CA9EC577B}.Release|Any CPU.Build.0 = Release|Any CPU
	EndGlobalSection
	GlobalSection(SolutionProperties) = preSolution
		HideSolutionNode = FALSE
	EndGlobalSection
	GlobalSection(ExtensibilityGlobals) = postSolution
		SolutionGuid = {F876AD31-4103-4D19-873A-29873AA31DD4}
	EndGlobalSection
EndGlobal
